{
  "name": "einfuehrung_informatik_slidev",
  "lockfileVersion": 3,
  "requires": true,
  "packages": {
    "": {
      "devDependencies": {
        "playwright-chromium": "^1.38.1"
      }
    },
    "node_modules/playwright-chromium": {
      "version": "1.38.1",
      "resolved": "https://registry.npmjs.org/playwright-chromium/-/playwright-chromium-1.38.1.tgz",
      "integrity": "sha512-97Y6+lN3yOETy/yPQK+LqSCBdldLu5Rkm+Tnj2oGQfcbC5P8R3eWund7GxWqiYFnq0GLwZZ8EnhiBShKnCiVjg==",
      "dev": true,
      "hasInstallScript": true,
      "dependencies": {
        "playwright-core": "1.38.1"
      },
      "bin": {
        "playwright": "cli.js"
      },
      "engines": {
        "node": ">=16"
      }
    },
    "node_modules/playwright-core": {
      "version": "1.38.1",
      "resolved": "https://registry.npmjs.org/playwright-core/-/playwright-core-1.38.1.tgz",
      "integrity": "sha512-tQqNFUKa3OfMf4b2jQ7aGLB8o9bS3bOY0yMEtldtC2+spf8QXG9zvXLTXUeRsoNuxEYMgLYR+NXfAa1rjKRcrg==",
      "dev": true,
      "bin": {
        "playwright-core": "cli.js"
      },
      "engines": {
        "node": ">=16"
      }
    }
  }
}
